
Microsoft Visual Studio Solution File, Format Version 12.00
# Visual Studio Version 16
VisualStudioVersion = 16.0.31515.178
MinimumVisualStudioVersion = 10.0.40219.1
Project("{FAE04EC0-301F-11D3-BF4B-00C04F79EFBC}") = "RabbitMQ_first", "RabbitMQ_first\RabbitMQ_first.csproj", "{5DBA6EDC-AE88-46FC-ACB5-E41F5BD4F4AB}"
EndProject
Global
	GlobalSection(SolutionConfigurationPlatforms) = preSolution
		Debug|Any CPU = Debug|Any CPU
		Release|Any CPU = Release|Any CPU
	EndGlobalSection
	GlobalSection(ProjectConfigurationPlatforms) = postSolution
		{5DBA6EDC-AE88-46FC-ACB5-E41F5BD4F4AB}.Debug|Any CPU.ActiveCfg = Debug|Any CPU
		{5DBA6EDC-AE88-46FC-ACB5-E41F5BD4F4AB}.Debug|Any CPU.Build.0 = Debug|Any CPU
		{5DBA6EDC-AE88-46FC-ACB5-E41F5BD4F4AB}.Release|Any CPU.ActiveCfg = Release|Any CPU
		{5DBA6EDC-AE88-46FC-ACB5-E41F5BD4F4AB}.Release|Any CPU.Build.0 = Release|Any CPU
	EndGlobalSection
	GlobalSection(SolutionProperties) = preSolution
		HideSolutionNode = FALSE
	EndGlobalSection
	GlobalSection(ExtensibilityGlobals) = postSolution
		SolutionGuid = {E7743696-D172-4C29-8C4E-AD90E6085724}
	EndGlobalSection
EndGlobal
